
Microsoft Visual Studio Solution File, Format Version 12.00
# Visual Studio 15
VisualStudioVersion = 15.0.28307.1433
MinimumVisualStudioVersion = 10.0.40219.1
Project("{F184B08F-C81C-45F6-A57F-5ABD9991F28F}") = "Bitwarden Vault Cleaner", "Bitwarden Vault Cleaner\Bitwarden Vault Cleaner.vbproj", "{EAC57B98-0C01-44DC-8292-D974B0DBAAB9}"
EndProject
Global
	GlobalSection(SolutionConfigurationPlatforms) = preSolution
		Debug|Any CPU = Debug|Any CPU
		Release|Any CPU = Release|Any CPU
	EndGlobalSection
	GlobalSection(ProjectConfigurationPlatforms) = postSolution
		{EAC57B98-0C01-44DC-8292-D974B0DBAAB9}.Debug|Any CPU.ActiveCfg = Debug|Any CPU
		{EAC57B98-0C01-44DC-8292-D974B0DBAAB9}.Debug|Any CPU.Build.0 = Debug|Any CPU
		{EAC57B98-0C01-44DC-8292-D974B0DBAAB9}.Release|Any CPU.ActiveCfg = Release|Any CPU
		{EAC57B98-0C01-44DC-8292-D974B0DBAAB9}.Release|Any CPU.Build.0 = Release|Any CPU
	EndGlobalSection
	GlobalSection(SolutionProperties) = preSolution
		HideSolutionNode = FALSE
	EndGlobalSection
	GlobalSection(ExtensibilityGlobals) = postSolution
		SolutionGuid = {7F0A7CB4-80BB-4654-B275-9D3029E6FD75}
	EndGlobalSection
EndGlobal
